// !$*UTF8*$!
{
	archiveVersion = 1;
	classes = {
	};
	objectVersion = 46;
	objects = {

/* Begin PBXBuildFile section */
		699DDB7B1E605D8F00DB64D7 /* AppDelegate.swift in Sources */ = {isa = PBXBuildFile; fileRef = 699DDB7A1E605D8F00DB64D7 /* AppDelegate.swift */; };
		699DDB7D1E605D8F00DB64D7 /* SideBar.swift in Sources */ = {isa = PBXBuildFile; fileRef = 699DDB7C1E605D8F00DB64D7 /* SideBar.swift */; };
		699DDB7F1E605D8F00DB64D7 /* Assets.xcassets in Resources */ = {isa = PBXBuildFile; fileRef = 699DDB7E1E605D8F00DB64D7 /* Assets.xcassets */; };
		699DDB821E605D8F00DB64D7 /* Main.storyboard in Resources */ = {isa = PBXBuildFile; fileRef = 699DDB801E605D8F00DB64D7 /* Main.storyboard */; };
		699DDB911E60952300DB64D7 /* CustomHoverBtn.swift in Sources */ = {isa = PBXBuildFile; fileRef = 699DDB901E60952300DB64D7 /* CustomHoverBtn.swift */; };
/* End PBXBuildFile section */

/* Begin PBXFileReference section */
		699DDB771E605D8F00DB64D7 /* Paint.app */ = {isa = PBXFileReference; explicitFileType = wrapper.application; includeInIndex = 0; path = Paint.app; sourceTree = BUILT_PRODUCTS_DIR; };
		699DDB7A1E605D8F00DB64D7 /* AppDelegate.swift */ = {isa = PBXFileReference; lastKnownFileType = sourcecode.swift; path = AppDelegate.swift; sourceTree = "<group>"; };
		699DDB7C1E605D8F00DB64D7 /* SideBar.swift */ = {isa = PBXFileReference; lastKnownFileType = sourcecode.swift; path = SideBar.swift; sourceTree = "<group>"; };
		699DDB7E1E605D8F00DB64D7 /* Assets.xcassets */ = {isa = PBXFileReference; lastKnownFileType = folder.assetcatalog; path = Assets.xcassets; sourceTree = "<group>"; };
		699DDB811E605D8F00DB64D7 /* Base */ = {isa = PBXFileReference; lastKnownFileType = file.storyboard; name = Base; path = Base.lproj/Main.storyboard; sourceTree = "<group>"; };
		699DDB831E605D8F00DB64D7 /* Info.plist */ = {isa = PBXFileReference; lastKnownFileType = text.plist.xml; path = Info.plist; sourceTree = "<group>"; };
		699DDB901E60952300DB64D7 /* CustomHoverBtn.swift */ = {isa = PBXFileReference; fileEncoding = 4; lastKnownFileType = sourcecode.swift; path = CustomHoverBtn.swift; sourceTree = "<group>"; };
/* End PBXFileReference section */

/* Begin PBXFrameworksBuildPhase section */
		699DDB741E605D8E00DB64D7 /* Frameworks */ = {
			isa = PBXFrameworksBuildPhase;
			buildActionMask = 2147483647;
			files = (
			);
			runOnlyForDeploymentPostprocessing = 0;
		};
/* End PBXFrameworksBuildPhase section */

/* Begin PBXGroup section */
		699DDB6E1E605D8E00DB64D7 = {
			isa = PBXGroup;
			children = (
				699DDB791E605D8F00DB64D7 /* Paint */,
				699DDB781E605D8F00DB64D7 /* Products */,
			);
			sourceTree = "<group>";
		};
		699DDB781E605D8F00DB64D7 /* Products */ = {
			isa = PBXGroup;
			children = (
				699DDB771E605D8F00DB64D7 /* Paint.app */,
			);
			name = Products;
			sourceTree = "<group>";
		};
		699DDB791E605D8F00DB64D7 /* Paint */ = {
			isa = PBXGroup;
			children = (
				699DDB7A1E605D8F00DB64D7 /* AppDelegate.swift */,
				699DDB8F1E607BFF00DB64D7 /* Canvas */,
				699DDB7E1E605D8F00DB64D7 /* Assets.xcassets */,
				699DDB801E605D8F00DB64D7 /* Main.storyboard */,
				699DDB831E605D8F00DB64D7 /* Info.plist */,
			);
			path = Paint;
			sourceTree = "<group>";
		};
		699DDB8F1E607BFF00DB64D7 /* Canvas */ = {
			isa = PBXGroup;
			children = (
				699DDB7C1E605D8F00DB64D7 /* SideBar.swift */,
				699DDB901E60952300DB64D7 /* CustomHoverBtn.swift */,
			);
			name = Canvas;
			sourceTree = "<group>";
		};
/* End PBXGroup section */

/* Begin PBXNativeTarget section */
		699DDB761E605D8E00DB64D7 /* Paint */ = {
			isa = PBXNativeTarget;
			buildConfigurationList = 699DDB861E605D8F00DB64D7 /* Build configuration list for PBXNativeTarget "Paint" */;
			buildPhases = (
				699DDB731E605D8E00DB64D7 /* Sources */,
				699DDB741E605D8E00DB64D7 /* Frameworks */,
				699DDB751E605D8E00DB64D7 /* Resources */,
			);
			buildRules = (
			);
			dependencies = (
			);
			name = Paint;
			productName = Paint;
			productReference = 699DDB771E605D8F00DB64D7 /* Paint.app */;
			productType = "com.apple.product-type.application";
		};
/* End PBXNativeTarget section */

/* Begin PBXProject section */
		699DDB6F1E605D8E00DB64D7 /* Project object */ = {
			isa = PBXProject;
			attributes = {
				LastSwiftUpdateCheck = 0820;
				LastUpgradeCheck = 0820;
				ORGANIZATIONNAME = "Scalman & Martin";
				TargetAttributes = {
					699DDB761E605D8E00DB64D7 = {
						CreatedOnToolsVersion = 8.2.1;
						DevelopmentTeam = K83QP84R99;
						ProvisioningStyle = Automatic;
					};
				};
			};
			buildConfigurationList = 699DDB721E605D8E00DB64D7 /* Build configuration list for PBXProject "Paint" */;
			compatibilityVersion = "Xcode 3.2";
			developmentRegion = English;
			hasScannedForEncodings = 0;
			knownRegions = (
				en,
				Base,
			);
			mainGroup = 699DDB6E1E605D8E00DB64D7;
			productRefGroup = 699DDB781E605D8F00DB64D7 /* Products */;
			projectDirPath = "";
			projectRoot = "";
			targets = (
				699DDB761E605D8E00DB64D7 /* Paint */,
			);
		};
/* End PBXProject section */

/* Begin PBXResourcesBuildPhase section */
		699DDB751E605D8E00DB64D7 /* Resources */ = {
			isa = PBXResourcesBuildPhase;
			buildActionMask = 2147483647;
			files = (
				699DDB7F1E605D8F00DB64D7 /* Assets.xcassets in Resources */,
				699DDB821E605D8F00DB64D7 /* Main.storyboard in Resources */,
			);
			runOnlyForDeploymentPostprocessing = 0;
		};
/* End PBXResourcesBuildPhase section */

/* Begin PBXSourcesBuildPhase section */
		699DDB731E605D8E00DB64D7 /* Sources */ = {
			isa = PBXSourcesBuildPhase;
			buildActionMask = 2147483647;
			files = (
				699DDB7D1E605D8F00DB64D7 /* SideBar.swift in Sources */,
				699DDB911E60952300DB64D7 /* CustomHoverBtn.swift in Sources */,
				699DDB7B1E605D8F00DB64D7 /* AppDelegate.swift in Sources */,
			);
			runOnlyForDeploymentPostprocessing = 0;
		};
/* End PBXSourcesBuildPhase section */

/* Begin PBXVariantGroup section */
		699DDB801E605D8F00DB64D7 /* Main.storyboard */ = {
			isa = PBXVariantGroup;
			children = (
				699DDB811E605D8F00DB64D7 /* Base */,
			);
			name = Main.storyboard;
			sourceTree = "<group>";
		};
/* End PBXVariantGroup section */

/* Begin XCBuildConfiguration section */
		699DDB841E605D8F00DB64D7 /* Debug */ = {
			isa = XCBuildConfiguration;
			buildSettings = {
				ALWAYS_SEARCH_USER_PATHS = NO;
				CLANG_ANALYZER_NONNULL = YES;
				CLANG_CXX_LANGUAGE_STANDARD = "gnu++0x";
				CLANG_CXX_LIBRARY = "libc++";
				CLANG_ENABLE_MODULES = YES;
				CLANG_ENABLE_OBJC_ARC = YES;
				CLANG_WARN_BOOL_CONVERSION = YES;
				CLANG_WARN_CONSTANT_CONVERSION = YES;
				CLANG_WARN_DIRECT_OBJC_ISA_USAGE = YES_ERROR;
				CLANG_WARN_DOCUMENTATION_COMMENTS = YES;
				CLANG_WARN_EMPTY_BODY = YES;
				CLANG_WARN_ENUM_CONVERSION = YES;
				CLANG_WARN_INFINITE_RECURSION = YES;
				CLANG_WARN_INT_CONVERSION = YES;
				CLANG_WARN_OBJC_ROOT_CLASS = YES_ERROR;
				CLANG_WARN_SUSPICIOUS_MOVE = YES;
				CLANG_WARN_UNREACHABLE_CODE = YES;
				CLANG_WARN__DUPLICATE_METHOD_MATCH = YES;
				CODE_SIGN_IDENTITY = "-";
				COPY_PHASE_STRIP = NO;
				DEBUG_INFORMATION_FORMAT = dwarf;
				ENABLE_STRICT_OBJC_MSGSEND = YES;
				ENABLE_TESTABILITY = YES;
				GCC_C_LANGUAGE_STANDARD = gnu99;
				GCC_DYNAMIC_NO_PIC = NO;
				GCC_NO_COMMON_BLOCKS = YES;
				GCC_OPTIMIZATION_LEVEL = 0;
				GCC_PREPROCESSOR_DEFINITIONS = (
					"DEBUG=1",
					"$(inherited)",
				);
				GCC_WARN_64_TO_32_BIT_CONVERSION = YES;
				GCC_WARN_ABOUT_RETURN_TYPE = YES_ERROR;
				GCC_WARN_UNDECLARED_SELECTOR = YES;
				GCC_WARN_UNINITIALIZED_AUTOS = YES_AGGRESSIVE;
				GCC_WARN_UNUSED_FUNCTION = YES;
				GCC_WARN_UNUSED_VARIABLE = YES;
				MACOSX_DEPLOYMENT_TARGET = 10.11;
				MTL_ENABLE_DEBUG_INFO = YES;
				ONLY_ACTIVE_ARCH = YES;
				SDKROOT = macosx;
				SWIFT_ACTIVE_COMPILATION_CONDITIONS = DEBUG;
				SWIFT_OPTIMIZATION_LEVEL = "-Onone";
			};
			name = Debug;
		};
		699DDB851E605D8F00DB64D7 /* Release */ = {
			isa = XCBuildConfiguration;
			buildSettings = {
				ALWAYS_SEARCH_USER_PATHS = NO;
				CLANG_ANALYZER_NONNULL = YES;
				CLANG_CXX_LANGUAGE_STANDARD = "gnu++0x";
				CLANG_CXX_LIBRARY = "libc++";
				CLANG_ENABLE_MODULES = YES;
				CLANG_ENABLE_OBJC_ARC = YES;
				CLANG_WARN_BOOL_CONVERSION = YES;
				CLANG_WARN_CONSTANT_CONVERSION = YES;
				CLANG_WARN_DIRECT_OBJC_ISA_USAGE = YES_ERROR;
				CLANG_WARN_DOCUMENTATION_COMMENTS = YES;
				CLANG_WARN_EMPTY_BODY = YES;
				CLANG_WARN_ENUM_CONVERSION = YES;
				CLANG_WARN_INFINITE_RECURSION = YES;
				CLANG_WARN_INT_CONVERSION = YES;
				CLANG_WARN_OBJC_ROOT_CLASS = YES_ERROR;
				CLANG_WARN_SUSPICIOUS_MOVE = YES;
				CLANG_WARN_UNREACHABLE_CODE = YES;
				CLANG_WARN__DUPLICATE_METHOD_MATCH = YES;
				CODE_SIGN_IDENTITY = "-";
				COPY_PHASE_STRIP = NO;
				DEBUG_INFORMATION_FORMAT = "dwarf-with-dsym";
				ENABLE_NS_ASSERTIONS = NO;
				ENABLE_STRICT_OBJC_MSGSEND = YES;
				GCC_C_LANGUAGE_STANDARD = gnu99;
				GCC_NO_COMMON_BLOCKS = YES;
				GCC_WARN_64_TO_32_BIT_CONVERSION = YES;
				GCC_WARN_ABOUT_RETURN_TYPE = YES_ERROR;
				GCC_WARN_UNDECLARED_SELECTOR = YES;
				GCC_WARN_UNINITIALIZED_AUTOS = YES_AGGRESSIVE;
				GCC_WARN_UNUSED_FUNCTION = YES;
				GCC_WARN_UNUSED_VARIABLE = YES;
				MACOSX_DEPLOYMENT_TARGET = 10.11;
				MTL_ENABLE_DEBUG_INFO = NO;
				SDKROOT = macosx;
				SWIFT_OPTIMIZATION_LEVEL = "-Owholemodule";
			};
			name = Release;
		};
		699DDB871E605D8F00DB64D7 /* Debug */ = {
			isa = XCBuildConfiguration;
			buildSettings = {
				ASSETCATALOG_COMPILER_APPICON_NAME = AppIcon;
				COMBINE_HIDPI_IMAGES = YES;
				DEVELOPMENT_TEAM = K83QP84R99;
				INFOPLIST_FILE = Paint/Info.plist;
				LD_RUNPATH_SEARCH_PATHS = "$(inherited) @executable_path/../Frameworks";
				PRODUCT_BUNDLE_IDENTIFIER = com.SchoolWork.Paint;
				PRODUCT_NAME = "$(TARGET_NAME)";
				SWIFT_VERSION = 3.0;
			};
			name = Debug;
		};
		699DDB881E605D8F00DB64D7 /* Release */ = {
			isa = XCBuildConfiguration;
			buildSettings = {
				ASSETCATALOG_COMPILER_APPICON_NAME = AppIcon;
				COMBINE_HIDPI_IMAGES = YES;
				DEVELOPMENT_TEAM = K83QP84R99;
				INFOPLIST_FILE = Paint/Info.plist;
				LD_RUNPATH_SEARCH_PATHS = "$(inherited) @executable_path/../Frameworks";
				PRODUCT_BUNDLE_IDENTIFIER = com.SchoolWork.Paint;
				PRODUCT_NAME = "$(TARGET_NAME)";
				SWIFT_VERSION = 3.0;
			};
			name = Release;
		};
/* End XCBuildConfiguration section */

/* Begin XCConfigurationList section */
		699DDB721E605D8E00DB64D7 /* Build configuration list for PBXProject "Paint" */ = {
			isa = XCConfigurationList;
			buildConfigurations = (
				699DDB841E605D8F00DB64D7 /* Debug */,
				699DDB851E605D8F00DB64D7 /* Release */,
			);
			defaultConfigurationIsVisible = 0;
			defaultConfigurationName = Release;
		};
		699DDB861E605D8F00DB64D7 /* Build configuration list for PBXNativeTarget "Paint" */ = {
			isa = XCConfigurationList;
			buildConfigurations = (
				699DDB871E605D8F00DB64D7 /* Debug */,
				699DDB881E605D8F00DB64D7 /* Release */,
			);
			defaultConfigurationIsVisible = 0;
			defaultConfigurationName = Release;
		};
/* End XCConfigurationList section */
	};
	rootObject = 699DDB6F1E605D8E00DB64D7 /* Project object */;
}
